
Microsoft Visual Studio Solution File, Format Version 12.00
# Visual Studio Version 17
VisualStudioVersion = 17.9.34622.214
MinimumVisualStudioVersion = 10.0.40219.1
Project("{FAE04EC0-301F-11D3-BF4B-00C04F79EFBC}") = "DIAZ-RomanNumeral", "DIAZ-RomanNumeral\DIAZ-RomanNumeral.csproj", "{950A75C8-6AE1-4F7A-A738-C88829D5C710}"
EndProject
Global
	GlobalSection(SolutionConfigurationPlatforms) = preSolution
		Debug|Any CPU = Debug|Any CPU
		Release|Any CPU = Release|Any CPU
	EndGlobalSection
	GlobalSection(ProjectConfigurationPlatforms) = postSolution
		{950A75C8-6AE1-4F7A-A738-C88829D5C710}.Debug|Any CPU.ActiveCfg = Debug|Any CPU
		{950A75C8-6AE1-4F7A-A738-C88829D5C710}.Debug|Any CPU.Build.0 = Debug|Any CPU
		{950A75C8-6AE1-4F7A-A738-C88829D5C710}.Release|Any CPU.ActiveCfg = Release|Any CPU
		{950A75C8-6AE1-4F7A-A738-C88829D5C710}.Release|Any CPU.Build.0 = Release|Any CPU
	EndGlobalSection
	GlobalSection(SolutionProperties) = preSolution
		HideSolutionNode = FALSE
	EndGlobalSection
	GlobalSection(ExtensibilityGlobals) = postSolution
		SolutionGuid = {7BEB2A1F-BF7D-4629-B424-B9F7B9CFA818}
	EndGlobalSection
EndGlobal
