
Microsoft Visual Studio Solution File, Format Version 12.00
# Visual Studio Version 17
VisualStudioVersion = 17.10.34928.147
MinimumVisualStudioVersion = 10.0.40219.1
Project("{FAE04EC0-301F-11D3-BF4B-00C04F79EFBC}") = "try", "try\try.csproj", "{F67DD06C-EEFA-4708-AE93-EA199D9ECF03}"
EndProject
Global
	GlobalSection(SolutionConfigurationPlatforms) = preSolution
		Debug|Any CPU = Debug|Any CPU
		Release|Any CPU = Release|Any CPU
	EndGlobalSection
	GlobalSection(ProjectConfigurationPlatforms) = postSolution
		{F67DD06C-EEFA-4708-AE93-EA199D9ECF03}.Debug|Any CPU.ActiveCfg = Debug|Any CPU
		{F67DD06C-EEFA-4708-AE93-EA199D9ECF03}.Debug|Any CPU.Build.0 = Debug|Any CPU
		{F67DD06C-EEFA-4708-AE93-EA199D9ECF03}.Release|Any CPU.ActiveCfg = Release|Any CPU
		{F67DD06C-EEFA-4708-AE93-EA199D9ECF03}.Release|Any CPU.Build.0 = Release|Any CPU
	EndGlobalSection
	GlobalSection(SolutionProperties) = preSolution
		HideSolutionNode = FALSE
	EndGlobalSection
	GlobalSection(ExtensibilityGlobals) = postSolution
		SolutionGuid = {4C5706A6-3874-4327-B949-D290810793BE}
	EndGlobalSection
EndGlobal
